
Microsoft Visual Studio Solution File, Format Version 12.00
# Visual Studio Version 17
VisualStudioVersion = 17.2.32516.85
MinimumVisualStudioVersion = 10.0.40219.1
Project("{FAE04EC0-301F-11D3-BF4B-00C04F79EFBC}") = "CarApi", "CarApi\CarApi.csproj", "{9BFE6CE8-90E9-44B6-8D12-A184D285FCAE}"
EndProject
Global
	GlobalSection(SolutionConfigurationPlatforms) = preSolution
		Debug|Any CPU = Debug|Any CPU
		Release|Any CPU = Release|Any CPU
	EndGlobalSection
	GlobalSection(ProjectConfigurationPlatforms) = postSolution
		{9BFE6CE8-90E9-44B6-8D12-A184D285FCAE}.Debug|Any CPU.ActiveCfg = Debug|Any CPU
		{9BFE6CE8-90E9-44B6-8D12-A184D285FCAE}.Debug|Any CPU.Build.0 = Debug|Any CPU
		{9BFE6CE8-90E9-44B6-8D12-A184D285FCAE}.Release|Any CPU.ActiveCfg = Release|Any CPU
		{9BFE6CE8-90E9-44B6-8D12-A184D285FCAE}.Release|Any CPU.Build.0 = Release|Any CPU
	EndGlobalSection
	GlobalSection(SolutionProperties) = preSolution
		HideSolutionNode = FALSE
	EndGlobalSection
	GlobalSection(ExtensibilityGlobals) = postSolution
		SolutionGuid = {003F25D7-273C-4955-BFFA-DC51473CE893}
	EndGlobalSection
EndGlobal
